
Microsoft Visual Studio Solution File, Format Version 12.00
# Visual Studio Version 17
VisualStudioVersion = 17.6.33829.357
MinimumVisualStudioVersion = 10.0.40219.1
Project("{FAE04EC0-301F-11D3-BF4B-00C04F79EFBC}") = "Social-Network.Web", "Social-Network\Social-Network.Web.csproj", "{A6CF5C6D-BA62-4837-9D7F-07EAAB973312}"
EndProject
Project("{2150E333-8FDC-42A3-9474-1A3956D46DE8}") = "Web", "Web", "{0DB56EFB-F54D-4129-9446-3FC726ADE98F}"
EndProject
Project("{2150E333-8FDC-42A3-9474-1A3956D46DE8}") = "Data", "Data", "{0A53D492-2A11-4BD3-9AD1-2E3EB7D14C5B}"
EndProject
Project("{2150E333-8FDC-42A3-9474-1A3956D46DE8}") = "Services", "Services", "{19E13CA1-8931-484D-9319-93C155458FBC}"
EndProject
Project("{2150E333-8FDC-42A3-9474-1A3956D46DE8}") = "Common", "Common", "{2AFEE070-0211-4C18-A7CE-97156A723480}"
EndProject
Project("{FAE04EC0-301F-11D3-BF4B-00C04F79EFBC}") = "Social-Network.Data", "Social-Network.Data\Social-Network.Data.csproj", "{11F5A2A3-AA72-4DCA-8380-643692D48951}"
EndProject
Project("{FAE04EC0-301F-11D3-BF4B-00C04F79EFBC}") = "Social-Network.Services.Data", "Social-Network.Services.Data\Social-Network.Services.Data.csproj", "{71787C86-413A-4789-BF75-945304813BF0}"
EndProject
Project("{FAE04EC0-301F-11D3-BF4B-00C04F79EFBC}") = "Social-Network.Common", "Social-Network.Common\Social-Network.Common.csproj", "{B6B88512-7889-4CBA-A657-30B00E7C3B31}"
EndProject
Project("{FAE04EC0-301F-11D3-BF4B-00C04F79EFBC}") = "Social-Network.Web.ViewModels", "Social-Network.Web.ViewModels\Social-Network.Web.ViewModels.csproj", "{6E780009-9E37-4531-B665-7D287963830E}"
EndProject
Project("{FAE04EC0-301F-11D3-BF4B-00C04F79EFBC}") = "Social-Network.Data.Models", "Social-Network.Data.Models\Social-Network.Data.Models.csproj", "{B05BE040-87B9-49BE-BD32-6DA253479395}"
EndProject
Global
	GlobalSection(SolutionConfigurationPlatforms) = preSolution
		Debug|Any CPU = Debug|Any CPU
		Release|Any CPU = Release|Any CPU
	EndGlobalSection
	GlobalSection(ProjectConfigurationPlatforms) = postSolution
		{A6CF5C6D-BA62-4837-9D7F-07EAAB973312}.Debug|Any CPU.ActiveCfg = Debug|Any CPU
		{A6CF5C6D-BA62-4837-9D7F-07EAAB973312}.Debug|Any CPU.Build.0 = Debug|Any CPU
		{A6CF5C6D-BA62-4837-9D7F-07EAAB973312}.Release|Any CPU.ActiveCfg = Release|Any CPU
		{A6CF5C6D-BA62-4837-9D7F-07EAAB973312}.Release|Any CPU.Build.0 = Release|Any CPU
		{11F5A2A3-AA72-4DCA-8380-643692D48951}.Debug|Any CPU.ActiveCfg = Debug|Any CPU
		{11F5A2A3-AA72-4DCA-8380-643692D48951}.Debug|Any CPU.Build.0 = Debug|Any CPU
		{11F5A2A3-AA72-4DCA-8380-643692D48951}.Release|Any CPU.ActiveCfg = Release|Any CPU
		{11F5A2A3-AA72-4DCA-8380-643692D48951}.Release|Any CPU.Build.0 = Release|Any CPU
		{71787C86-413A-4789-BF75-945304813BF0}.Debug|Any CPU.ActiveCfg = Debug|Any CPU
		{71787C86-413A-4789-BF75-945304813BF0}.Debug|Any CPU.Build.0 = Debug|Any CPU
		{71787C86-413A-4789-BF75-945304813BF0}.Release|Any CPU.ActiveCfg = Release|Any CPU
		{71787C86-413A-4789-BF75-945304813BF0}.Release|Any CPU.Build.0 = Release|Any CPU
		{B6B88512-7889-4CBA-A657-30B00E7C3B31}.Debug|Any CPU.ActiveCfg = Debug|Any CPU
		{B6B88512-7889-4CBA-A657-30B00E7C3B31}.Debug|Any CPU.Build.0 = Debug|Any CPU
		{B6B88512-7889-4CBA-A657-30B00E7C3B31}.Release|Any CPU.ActiveCfg = Release|Any CPU
		{B6B88512-7889-4CBA-A657-30B00E7C3B31}.Release|Any CPU.Build.0 = Release|Any CPU
		{6E780009-9E37-4531-B665-7D287963830E}.Debug|Any CPU.ActiveCfg = Debug|Any CPU
		{6E780009-9E37-4531-B665-7D287963830E}.Debug|Any CPU.Build.0 = Debug|Any CPU
		{6E780009-9E37-4531-B665-7D287963830E}.Release|Any CPU.ActiveCfg = Release|Any CPU
		{6E780009-9E37-4531-B665-7D287963830E}.Release|Any CPU.Build.0 = Release|Any CPU
		{B05BE040-87B9-49BE-BD32-6DA253479395}.Debug|Any CPU.ActiveCfg = Debug|Any CPU
		{B05BE040-87B9-49BE-BD32-6DA253479395}.Debug|Any CPU.Build.0 = Debug|Any CPU
		{B05BE040-87B9-49BE-BD32-6DA253479395}.Release|Any CPU.ActiveCfg = Release|Any CPU
		{B05BE040-87B9-49BE-BD32-6DA253479395}.Release|Any CPU.Build.0 = Release|Any CPU
	EndGlobalSection
	GlobalSection(SolutionProperties) = preSolution
		HideSolutionNode = FALSE
	EndGlobalSection
	GlobalSection(NestedProjects) = preSolution
		{A6CF5C6D-BA62-4837-9D7F-07EAAB973312} = {0DB56EFB-F54D-4129-9446-3FC726ADE98F}
		{11F5A2A3-AA72-4DCA-8380-643692D48951} = {0A53D492-2A11-4BD3-9AD1-2E3EB7D14C5B}
		{71787C86-413A-4789-BF75-945304813BF0} = {19E13CA1-8931-484D-9319-93C155458FBC}
		{B6B88512-7889-4CBA-A657-30B00E7C3B31} = {2AFEE070-0211-4C18-A7CE-97156A723480}
		{6E780009-9E37-4531-B665-7D287963830E} = {0DB56EFB-F54D-4129-9446-3FC726ADE98F}
		{B05BE040-87B9-49BE-BD32-6DA253479395} = {0A53D492-2A11-4BD3-9AD1-2E3EB7D14C5B}
	EndGlobalSection
	GlobalSection(ExtensibilityGlobals) = postSolution
		SolutionGuid = {FF3520BD-8915-45D2-B505-8EDF798012A5}
	EndGlobalSection
EndGlobal
